
Microsoft Visual Studio Solution File, Format Version 12.00
# Visual Studio Version 17
VisualStudioVersion = 17.4.33122.133
MinimumVisualStudioVersion = 10.0.40219.1
Project("{9A19103F-16F7-4668-BE54-9A1E7A4F7556}") = "Resources", "Resources\Resources.csproj", "{ED0A4277-C306-4077-9AA3-E36FA0D00D0A}"
EndProject
Project("{9A19103F-16F7-4668-BE54-9A1E7A4F7556}") = "HorrorShorts_Android", "HorrorShorts_Android\HorrorShorts_Android.csproj", "{CD1F55AA-E3AF-4477-AC23-20739D50ED9B}"
EndProject
Project("{9A19103F-16F7-4668-BE54-9A1E7A4F7556}") = "HorrorShorts_DeskTop", "HorrorShorts_DeskTop\HorrorShorts_DeskTop.csproj", "{D5D1FDBE-650A-4368-B567-37065ABF13D1}"
EndProject
Project("{9A19103F-16F7-4668-BE54-9A1E7A4F7556}") = "HorrorShorts_Game", "HorrorShorts_Game\HorrorShorts_Game.csproj", "{CE3C1846-B50F-4990-A301-0F6A0895EC20}"
EndProject
Global
	GlobalSection(SolutionConfigurationPlatforms) = preSolution
		Debug|Any CPU = Debug|Any CPU
		Release|Any CPU = Release|Any CPU
	EndGlobalSection
	GlobalSection(ProjectConfigurationPlatforms) = postSolution
		{ED0A4277-C306-4077-9AA3-E36FA0D00D0A}.Debug|Any CPU.ActiveCfg = Debug|Any CPU
		{ED0A4277-C306-4077-9AA3-E36FA0D00D0A}.Debug|Any CPU.Build.0 = Debug|Any CPU
		{ED0A4277-C306-4077-9AA3-E36FA0D00D0A}.Release|Any CPU.ActiveCfg = Release|Any CPU
		{ED0A4277-C306-4077-9AA3-E36FA0D00D0A}.Release|Any CPU.Build.0 = Release|Any CPU
		{CD1F55AA-E3AF-4477-AC23-20739D50ED9B}.Debug|Any CPU.ActiveCfg = Debug|Any CPU
		{CD1F55AA-E3AF-4477-AC23-20739D50ED9B}.Debug|Any CPU.Build.0 = Debug|Any CPU
		{CD1F55AA-E3AF-4477-AC23-20739D50ED9B}.Debug|Any CPU.Deploy.0 = Debug|Any CPU
		{CD1F55AA-E3AF-4477-AC23-20739D50ED9B}.Release|Any CPU.ActiveCfg = Release|Any CPU
		{CD1F55AA-E3AF-4477-AC23-20739D50ED9B}.Release|Any CPU.Build.0 = Release|Any CPU
		{CD1F55AA-E3AF-4477-AC23-20739D50ED9B}.Release|Any CPU.Deploy.0 = Release|Any CPU
		{D5D1FDBE-650A-4368-B567-37065ABF13D1}.Debug|Any CPU.ActiveCfg = Debug|Any CPU
		{D5D1FDBE-650A-4368-B567-37065ABF13D1}.Debug|Any CPU.Build.0 = Debug|Any CPU
		{D5D1FDBE-650A-4368-B567-37065ABF13D1}.Release|Any CPU.ActiveCfg = Release|Any CPU
		{D5D1FDBE-650A-4368-B567-37065ABF13D1}.Release|Any CPU.Build.0 = Release|Any CPU
		{CE3C1846-B50F-4990-A301-0F6A0895EC20}.Debug|Any CPU.ActiveCfg = Debug|Any CPU
		{CE3C1846-B50F-4990-A301-0F6A0895EC20}.Debug|Any CPU.Build.0 = Debug|Any CPU
		{CE3C1846-B50F-4990-A301-0F6A0895EC20}.Release|Any CPU.ActiveCfg = Release|Any CPU
		{CE3C1846-B50F-4990-A301-0F6A0895EC20}.Release|Any CPU.Build.0 = Release|Any CPU
	EndGlobalSection
	GlobalSection(SolutionProperties) = preSolution
		HideSolutionNode = FALSE
	EndGlobalSection
	GlobalSection(ExtensibilityGlobals) = postSolution
		SolutionGuid = {3DEEA522-E6FB-4263-B197-CF7E0643733F}
	EndGlobalSection
EndGlobal
